# This file is autogenerated, do not edit; changes may be undone by the next 'dep ensure'.


[[projects]]
  name = "github.com/fatih/color"
  packages = ["."]
  revision = "507f6050b8568533fb3f5504de8e5205fa62a114"
  version = "v1.6.0"

[[projects]]
  branch = "master"
  name = "github.com/gopherjs/gopherjs"
  packages = [
    "js",
    "nosync"
  ]
  revision = "df18d38287ab2ed3138d564e7c8cbe4d5a249d87"

[[projects]]
  branch = "master"
  name = "github.com/gopherjs/webgl"
  packages = ["."]
  revision = "4814cc33476aa4cf60c7a83841b0e21026951687"

[[projects]]
  name = "github.com/hajimehoshi/ebiten"
  packages = [
    ".",
    "ebitenutil",
    "ebitenutil/internal/assets",
    "internal",
    "internal/affine",
    "internal/audiobinding",
    "internal/clock",
    "internal/devicescale",
    "internal/endian",
    "internal/graphics",
    "internal/jni",
    "internal/math",
    "internal/opengl",
    "internal/restorable",
    "internal/sync",
    "internal/ui",
    "internal/web"
  ]
  revision = "e462c7e9168a41b4b4d7f11ab998b1d0e4736415"
  version = "v1.6.0"

[[projects]]
  name = "github.com/mattn/go-colorable"
  packages = ["."]
  revision = "167de6bfdfba052fa6b2d3664c8f5272e23c9072"
  version = "v0.0.9"

[[projects]]
  name = "github.com/mattn/go-isatty"
  packages = ["."]
  revision = "0360b2af4f38e8d38c7fce2a9f4e702702d73a39"
  version = "v0.0.3"

[[projects]]
  branch = "master"
  name = "golang.org/x/mobile"
  packages = ["gl"]
  revision = "8a8a989f4807eb8c387ee9d4ccf11aee9c6aaca3"

[[projects]]
  branch = "master"
  name = "golang.org/x/sys"
  packages = [
    "unix",
    "windows"
  ]
  revision = "f6cff0780e542efa0c8e864dc8fa522808f6a598"

[solve-meta]
  analyzer-name = "dep"
  analyzer-version = 1
  inputs-digest = "3d3b8eb45c68c000b4f53b786292d7905de56cde9f8e09eb54dca75929078ca2"
  solver-name = "gps-cdcl"
  solver-version = 1
